
Microsoft Visual Studio Solution File, Format Version 12.00
# Visual Studio Version 16
VisualStudioVersion = 16.0.31105.61
MinimumVisualStudioVersion = 10.0.40219.1
Project("{FAE04EC0-301F-11D3-BF4B-00C04F79EFBC}") = "currency2usd", "currency2usd.csproj", "{94D22010-9CF0-42E1-8BBB-763E6DE2EECB}"
EndProject
Global
	GlobalSection(SolutionConfigurationPlatforms) = preSolution
		Debug|Any CPU = Debug|Any CPU
		Release|Any CPU = Release|Any CPU
	EndGlobalSection
	GlobalSection(ProjectConfigurationPlatforms) = postSolution
		{94D22010-9CF0-42E1-8BBB-763E6DE2EECB}.Debug|Any CPU.ActiveCfg = Debug|Any CPU
		{94D22010-9CF0-42E1-8BBB-763E6DE2EECB}.Debug|Any CPU.Build.0 = Debug|Any CPU
		{94D22010-9CF0-42E1-8BBB-763E6DE2EECB}.Release|Any CPU.ActiveCfg = Release|Any CPU
		{94D22010-9CF0-42E1-8BBB-763E6DE2EECB}.Release|Any CPU.Build.0 = Release|Any CPU
	EndGlobalSection
	GlobalSection(SolutionProperties) = preSolution
		HideSolutionNode = FALSE
	EndGlobalSection
	GlobalSection(ExtensibilityGlobals) = postSolution
		SolutionGuid = {F0DE5BB6-1857-4243-852F-381C01D6B657}
	EndGlobalSection
EndGlobal
